
Microsoft Visual Studio Solution File, Format Version 12.00
# Visual Studio Version 17
VisualStudioVersion = 17.7.34202.233
MinimumVisualStudioVersion = 10.0.40219.1
Project("{FAE04EC0-301F-11D3-BF4B-00C04F79EFBC}") = "chessTwo", "chessTwo.csproj", "{E56D9C44-C65D-4E94-A638-7634A50389B0}"
EndProject
Global
	GlobalSection(SolutionConfigurationPlatforms) = preSolution
		Debug|Any CPU = Debug|Any CPU
		Release|Any CPU = Release|Any CPU
	EndGlobalSection
	GlobalSection(ProjectConfigurationPlatforms) = postSolution
		{E56D9C44-C65D-4E94-A638-7634A50389B0}.Debug|Any CPU.ActiveCfg = Debug|Any CPU
		{E56D9C44-C65D-4E94-A638-7634A50389B0}.Debug|Any CPU.Build.0 = Debug|Any CPU
		{E56D9C44-C65D-4E94-A638-7634A50389B0}.Release|Any CPU.ActiveCfg = Release|Any CPU
		{E56D9C44-C65D-4E94-A638-7634A50389B0}.Release|Any CPU.Build.0 = Release|Any CPU
	EndGlobalSection
	GlobalSection(SolutionProperties) = preSolution
		HideSolutionNode = FALSE
	EndGlobalSection
	GlobalSection(ExtensibilityGlobals) = postSolution
		SolutionGuid = {7D1EBDE2-6FC4-4291-B6BD-9B32EFC46133}
	EndGlobalSection
EndGlobal
