
Microsoft Visual Studio Solution File, Format Version 12.00
# Visual Studio Version 17
VisualStudioVersion = 17.7.34031.279
MinimumVisualStudioVersion = 10.0.40219.1
Project("{FAE04EC0-301F-11D3-BF4B-00C04F79EFBC}") = "MyFirstConsoleApplication", "MyFirstConsoleApplication\MyFirstConsoleApplication.csproj", "{95736884-8614-487B-B7A0-5BF0DE5CCF2B}"
EndProject
Global
	GlobalSection(SolutionConfigurationPlatforms) = preSolution
		Debug|Any CPU = Debug|Any CPU
		Release|Any CPU = Release|Any CPU
	EndGlobalSection
	GlobalSection(ProjectConfigurationPlatforms) = postSolution
		{95736884-8614-487B-B7A0-5BF0DE5CCF2B}.Debug|Any CPU.ActiveCfg = Debug|Any CPU
		{95736884-8614-487B-B7A0-5BF0DE5CCF2B}.Debug|Any CPU.Build.0 = Debug|Any CPU
		{95736884-8614-487B-B7A0-5BF0DE5CCF2B}.Release|Any CPU.ActiveCfg = Release|Any CPU
		{95736884-8614-487B-B7A0-5BF0DE5CCF2B}.Release|Any CPU.Build.0 = Release|Any CPU
	EndGlobalSection
	GlobalSection(SolutionProperties) = preSolution
		HideSolutionNode = FALSE
	EndGlobalSection
	GlobalSection(ExtensibilityGlobals) = postSolution
		SolutionGuid = {D2952210-4DEE-406A-9719-9BBCE840D867}
	EndGlobalSection
EndGlobal
